{
  "name": "dsh-memory-workspace",
  "version": "0.8.0",
  "lockfileVersion": 3,
  "requires": true,
  "packages": {
    "": {
      "name": "dsh-memory-workspace",
      "version": "0.8.0",
      "workspaces": [
        "packages/dsh-memory",
        "packages/dsh-memory-ui"
      ],
      "devDependencies": {
        "@deepseek-ai/cordis": "4.0.1",
        "@deepseek-ai/dsh-api-remotes": "0.1.0-rc.7",
        "@deepseek-ai/dsh-client-connection": "0.1.0-rc.7",
        "@deepseek-ai/dsh-client-runtime": "0.1.0-rc.7",
        "@deepseek-ai/dsh-client-ui-settings": "0.1.0-rc.7",
        "@deepseek-ai/dsh-settings": "0.1.0-rc.7",
        "@deepseek-ai/dsh-typert-protocol": "0.1.0-rc.7",
        "@deepseek-ai/schemastery": "3.18.1",
        "js-yaml": "5.3.0",
        "react": "18.3.1"
      },
      "engines": {
        "node": ">=22"
      }
    },
    "node_modules/@deepseek-ai/cordis": {
      "version": "4.0.1",
      "resolved": "https://registry.npmjs.org/@deepseek-ai/cordis/-/cordis-4.0.1.tgz",
      "integrity": "sha512-YBdskTU2Po1kru3GgcUWUbkTsPMA9LkSQDAY8rBkFJeajdgcQad3QPJZE26JyK99Xb6HaASvoXg2DSUTeN/0Nw==",
      "license": "MIT",
      "dependencies": {
        "@deepseek-ai/cosmokit": "^1.8.2",
        "@standard-schema/spec": "^1.1.0"
      },
      "bin": {
        "cordis": "bin.js"
      },
      "peerDependencies": {
        "@deepseek-ai/cordis-plugin-include": "^1.0.6",
        "@deepseek-ai/cordis-plugin-loader": "^1.0.2"
      },
      "peerDependenciesMeta": {
        "@deepseek-ai/cordis-plugin-include": {
          "optional": true
        },
        "@deepseek-ai/cordis-plugin-loader": {
          "optional": true
        }
      }
    },
    "node_modules/@deepseek-ai/cordis-plugin-include": {
      "version": "1.0.6",
      "resolved": "https://registry.npmjs.org/@deepseek-ai/cordis-plugin-include/-/cordis-plugin-include-1.0.6.tgz",
      "integrity": "sha512-i1VXrZCbv6tk/iUgedCNjrxxArbWT3IvRZGB5sdqJ3ectnihivXXQbRZ8JJ73DSmAPvlMGmrbtjFAfm10yvXRg==",
      "license": "MIT",
      "peer": true,
      "dependencies": {
        "@deepseek-ai/cosmokit": "^1.8.2",
        "js-yaml": "^4.1.0"
      },
      "peerDependencies": {
        "@deepseek-ai/cordis": "^4.0.1",
        "@deepseek-ai/cordis-plugin-loader": "^1.0.2"
      }
    },
    "node_modules/@deepseek-ai/cordis-plugin-include/node_modules/js-yaml": {
      "version": "4.3.1",
      "resolved": "https://registry.npmjs.org/js-yaml/-/js-yaml-4.3.1.tgz",
      "integrity": "sha512-CY6crGq313MX8GkwvB7tzgp99vjQxY1++5y10/BKN/GUfHqWaOGQMNZkBvqSzsZKWk/ijwHlWzzkLulsGHhjWQ==",
      "funding": [
        {
          "type": "github",
          "url": "https://github.com/sponsors/puzrin"
        },
        {
          "type": "github",
          "url": "https://github.com/sponsors/nodeca"
        }
      ],
      "license": "MIT",
      "peer": true,
      "dependencies": {
        "argparse": "^2.0.1"
      },
      "bin": {
        "js-yaml": "bin/js-yaml.js"
      }
    },
    "node_modules/@deepseek-ai/cordis-plugin-loader": {
      "version": "1.0.2",
      "resolved": "https://registry.npmjs.org/@deepseek-ai/cordis-plugin-loader/-/cordis-plugin-loader-1.0.2.tgz",
      "integrity": "sha512-RIW9hoVyhYDWdCI9BsvtZccPde1ECLC4OAxupwowGTak78vwVTVdb3HezTSOK1Y1/Ax3Ru0LA1pYOB04CnTxIQ==",
      "license": "MIT",
      "peer": true,
      "dependencies": {
        "@deepseek-ai/cosmokit": "^1.8.2"
      },
      "peerDependencies": {
        "@deepseek-ai/cordis": "^4.0.1",
        "node-addon-require-builtin": "^0.1.4"
      },
      "peerDependenciesMeta": {
        "node-addon-require-builtin": {
          "optional": true
        }
      }
    },
    "node_modules/@deepseek-ai/cosmokit": {
      "version": "1.8.2",
      "resolved": "https://registry.npmjs.org/@deepseek-ai/cosmokit/-/cosmokit-1.8.2.tgz",
      "integrity": "sha512-muBOKtSrUKU5m/xpq8ZXWL6hQ/jgd4PhU2PqH97bcxIiLEJfNwZOGQEx4t/aS/GgxRAR+ra9pMHPMtTHU4sqqA==",
      "license": "MIT"
    },
    "node_modules/@deepseek-ai/dsh-agent": {
      "version": "0.1.0-rc.7",
      "resolved": "https://registry.npmjs.org/@deepseek-ai/dsh-agent/-/dsh-agent-0.1.0-rc.7.tgz",
      "integrity": "sha512-AqBQavJYgbCUUYBHP7OGCaw8WN5082NXYQOoOfNRO72bub3E+/nWkl8b4B7BAJdFfyLo9ce+Kgb1BCHSJU/JLg==",
      "license": "MIT",
      "peerDependencies": {
        "@deepseek-ai/cordis": "^4.0.1",
        "@deepseek-ai/dsh-invariants": "^0.1.0-rc.7",
        "@deepseek-ai/dsh-llm": "^0.1.0-rc.7",
        "@deepseek-ai/dsh-scope": "^0.1.0-rc.7",
        "@deepseek-ai/dsh-session": "^0.1.0-rc.7",
        "@deepseek-ai/dsh-system-prompt": "^0.1.0-rc.7",
        "@deepseek-ai/dsh-typert-protocol": "^0.1.0-rc.7"
      }
    },
    "node_modules/@deepseek-ai/dsh-agent-default-model": {
      "version": "0.1.0-rc.7",
      "resolved": "https://registry.npmjs.org/@deepseek-ai/dsh-agent-default-model/-/dsh-agent-default-model-0.1.0-rc.7.tgz",
      "integrity": "sha512-zHtD4FAqxzidyNiyx1bpvLHdOTTsKnmjlHRqDS1KegIMSTNFmmp1B2bHdAUXp/OH7fPDmv+1ZXzDoJhBNUY9jA==",
      "license": "MIT",
      "dependencies": {
        "@deepseek-ai/schemastery": "^3.18.1"
      },
      "peerDependencies": {
        "@deepseek-ai/cordis": "^4.0.1",
        "@deepseek-ai/dsh-agent": "^0.1.0-rc.7",
        "@deepseek-ai/dsh-invariants": "^0.1.0-rc.7",
        "@deepseek-ai/dsh-llm": "^0.1.0-rc.7",
        "@deepseek-ai/dsh-settings": "^0.1.0-rc.7"
      }
    },
    "node_modules/@deepseek-ai/dsh-agent-presets": {
      "version": "0.1.0-rc.7",
      "resolved": "https://registry.npmjs.org/@deepseek-ai/dsh-agent-presets/-/dsh-agent-presets-0.1.0-rc.7.tgz",
      "integrity": "sha512-T/VcMV7lrXCFmRKrtoMTAz5DAdUmku6hz95wbikRvRc0WizIwQ3R04ke9KIeDiQcxK8xkE8cx+IYqEWa9C5gPg==",
      "license": "MIT",
      "peer": true,
      "dependencies": {
        "@deepseek-ai/schemastery": "^3.18.1",
        "js-yaml": "^4.1.0"
      },
      "peerDependencies": {
        "@deepseek-ai/cordis": "^4.0.1",
        "@deepseek-ai/cordis-plugin-include": "^1.0.6",
        "@deepseek-ai/cordis-plugin-loader": "^1.0.2",
        "@deepseek-ai/dsh-agent": "^0.1.0-rc.7",
        "@deepseek-ai/dsh-atomic-write": "^0.1.0-rc.7",
        "@deepseek-ai/dsh-home-paths": "^0.1.0-rc.7",
        "@deepseek-ai/dsh-invariants": "^0.1.0-rc.7",
        "@deepseek-ai/dsh-scope": "^0.1.0-rc.7",
        "@deepseek-ai/dsh-session": "^0.1.0-rc.7",
        "@deepseek-ai/dsh-settings": "^0.1.0-rc.7",
        "@deepseek-ai/dsh-system-prompt": "^0.1.0-rc.7"
      }
    },
    "node_modules/@deepseek-ai/dsh-agent-presets/node_modules/js-yaml": {
      "version": "4.3.1",
      "resolved": "https://registry.npmjs.org/js-yaml/-/js-yaml-4.3.1.tgz",
      "integrity": "sha512-CY6crGq313MX8GkwvB7tzgp99vjQxY1++5y10/BKN/GUfHqWaOGQMNZkBvqSzsZKWk/ijwHlWzzkLulsGHhjWQ==",
      "funding": [
        {
          "type": "github",
          "url": "https://github.com/sponsors/puzrin"
        },
        {
          "type": "github",
          "url": "https://github.com/sponsors/nodeca"
        }
      ],
      "license": "MIT",
      "peer": true,
      "dependencies": {
        "argparse": "^2.0.1"
      },
      "bin": {
        "js-yaml": "bin/js-yaml.js"
      }
    },
    "node_modules/@deepseek-ai/dsh-api-gateway": {
      "version": "0.1.0-rc.7",
      "resolved": "https://registry.npmjs.org/@deepseek-ai/dsh-api-gateway/-/dsh-api-gateway-0.1.0-rc.7.tgz",
      "integrity": "sha512-tcoOuHMSqYqCtMxLjWBHKN+glS56XaUo3ImphvDvUkB84FyU3btHNJbYeAt2oXoWbHfOedcIRWpfNN4tSmhPwQ==",
      "license": "MIT",
      "peer": true,
      "dependencies": {
        "@deepseek-ai/dsh-typert-protocol": "^0.1.0-rc.7"
      },
      "peerDependencies": {
        "@deepseek-ai/cordis": "^4.0.1",
        "@deepseek-ai/dsh-client-connection": "^0.1.0-rc.7",
        "@deepseek-ai/dsh-invariants": "^0.1.0-rc.7",
        "@deepseek-ai/dsh-typert-registry": "^0.1.0-rc.7"
      }
    },
    "node_modules/@deepseek-ai/dsh-api-remotes": {
      "version": "0.1.0-rc.7",
      "resolved": "https://registry.npmjs.org/@deepseek-ai/dsh-api-remotes/-/dsh-api-remotes-0.1.0-rc.7.tgz",
      "integrity": "sha512-dsP69u0avHRcJTPzngudqCm73UaTxNvGi/557DNPi3cOSoIh1SyPzPgk8W8rQQEFTL07rkwt8KfdQoMU5ga1fg==",
      "license": "MIT",
      "dependencies": {
        "@deepseek-ai/dsh-typert-protocol": "^0.1.0-rc.7"
      },
      "peerDependencies": {
        "@deepseek-ai/cordis": "^4.0.1",
        "@deepseek-ai/dsh-agent": "^0.1.0-rc.7",
        "@deepseek-ai/dsh-agent-presets": "^0.1.0-rc.7",
        "@deepseek-ai/dsh-api-gateway": "^0.1.0-rc.7",
        "@deepseek-ai/dsh-commands": "^0.1.0-rc.7",
        "@deepseek-ai/dsh-cordis-host-runner": "^0.1.0-rc.7",
        "@deepseek-ai/dsh-credentials": "^0.1.0-rc.7",
        "@deepseek-ai/dsh-goal": "^0.1.0-rc.7",
        "@deepseek-ai/dsh-host-plugin-inventory": "^0.1.0-rc.7",
        "@deepseek-ai/dsh-invariants": "^0.1.0-rc.7",
        "@deepseek-ai/dsh-llm": "^0.1.0-rc.7",
        "@deepseek-ai/dsh-message-feedback": "^0.1.0-rc.7",
        "@deepseek-ai/dsh-session": "^0.1.0-rc.7",
        "@deepseek-ai/dsh-session-persistence": "^0.1.0-rc.7",
        "@deepseek-ai/dsh-settings": "^0.1.0-rc.7",
        "@deepseek-ai/dsh-typert-registry": "^0.1.0-rc.7"
      }
    },
    "node_modules/@deepseek-ai/dsh-atomic-write": {
      "version": "0.1.0-rc.7",
      "resolved": "https://registry.npmjs.org/@deepseek-ai/dsh-atomic-write/-/dsh-atomic-write-0.1.0-rc.7.tgz",
      "integrity": "sha512-LxRx6K8FJ8bXZHiNhH6Rvj+jh/ZIpolmsmi138XrvMUGvbOBWE6QLbdzcgTgwrYZm5GP2kqqLe/3gQlgtt2bXA==",
      "license": "MIT",
      "peer": true,
      "peerDependencies": {
        "@deepseek-ai/cordis": "^4.0.1",
        "@deepseek-ai/dsh-invariants": "^0.1.0-rc.7"
      }
    },
    "node_modules/@deepseek-ai/dsh-attachment": {
      "version": "0.1.0-rc.7",
      "resolved": "https://registry.npmjs.org/@deepseek-ai/dsh-attachment/-/dsh-attachment-0.1.0-rc.7.tgz",
      "integrity": "sha512-rsR/xVNOGIig8gXxhrKnkd6YD7aYliGtA/e7b4DlPawMpLhsItAh0HQ832n8LJn1aGZxKf68y9PRgzfljsveOQ==",
      "license": "MIT",
      "peerDependencies": {
        "@deepseek-ai/cordis": "^4.0.1",
        "@deepseek-ai/dsh-brand": "^0.1.0-rc.7",
        "@deepseek-ai/dsh-invariants": "^0.1.0-rc.7"
      }
    },
    "node_modules/@deepseek-ai/dsh-brand": {
      "version": "0.1.0-rc.7",
      "resolved": "https://registry.npmjs.org/@deepseek-ai/dsh-brand/-/dsh-brand-0.1.0-rc.7.tgz",
      "integrity": "sha512-P7+w0fN40yXXQkV360p6jQi63pcl68OOWebNGN5gf8w8sguvni2mA1cU8RLZzDkRNFSZD+BCw3D4uWYM+hhh7A==",
      "license": "MIT",
      "peerDependencies": {
        "@deepseek-ai/cordis": "^4.0.1",
        "@deepseek-ai/dsh-invariants": "^0.1.0-rc.7"
      }
    },
    "node_modules/@deepseek-ai/dsh-client-connection": {
      "version": "0.1.0-rc.7",
      "resolved": "https://registry.npmjs.org/@deepseek-ai/dsh-client-connection/-/dsh-client-connection-0.1.0-rc.7.tgz",
      "integrity": "sha512-JZWDKCbwKHOUcm7+JadKA3aJCSEB34XfPycCtPgdWfABIiHMaSpnmSVy/8Jed4hw6hxhnR6A3rnvW02Xr2yqwA==",
      "license": "MIT",
      "dependencies": {
        "@deepseek-ai/dsh-attachment": "^0.1.0-rc.7",
        "@deepseek-ai/dsh-commands": "^0.1.0-rc.7",
        "@deepseek-ai/dsh-host-apiproxy": "^0.1.0-rc.7",
        "@deepseek-ai/dsh-llm": "^0.1.0-rc.7",
        "@deepseek-ai/dsh-session": "^0.1.0-rc.7",
        "@deepseek-ai/dsh-tools": "^0.1.0-rc.7",
        "@deepseek-ai/schemastery": "^3.18.1",
        "ws": "^8.21.0"
      },
      "peerDependencies": {
        "@deepseek-ai/cordis": "^4.0.1",
        "@deepseek-ai/dsh-host-webserver": "^0.1.0-rc.7",
        "@deepseek-ai/dsh-invariants": "^0.1.0-rc.7"
      }
    },
    "node_modules/@deepseek-ai/dsh-client-runtime": {
      "version": "0.1.0-rc.7",
      "resolved": "https://registry.npmjs.org/@deepseek-ai/dsh-client-runtime/-/dsh-client-runtime-0.1.0-rc.7.tgz",
      "integrity": "sha512-Ish2uFML2FibTpzo7QyVSt29jf/iG4j9BFQ41ychVMPRR3trJGM3h8CMuam3oKWlvB8OXVXFd6gO929w6PI0Ew==",
      "license": "MIT",
      "dependencies": {
        "@deepseek-ai/dsh-agent": "^0.1.0-rc.7",
        "@deepseek-ai/dsh-attachment": "^0.1.0-rc.7",
        "@deepseek-ai/dsh-client-connection": "^0.1.0-rc.7",
        "@deepseek-ai/dsh-client-ui-slots": "^0.1.0-rc.7",
        "@deepseek-ai/dsh-commands": "^0.1.0-rc.7",
        "@deepseek-ai/dsh-host-apiproxy": "^0.1.0-rc.7",
        "@deepseek-ai/dsh-llm": "^0.1.0-rc.7",
        "@deepseek-ai/dsh-llm-retry": "^0.1.0-rc.7",
        "@deepseek-ai/dsh-session": "^0.1.0-rc.7",
        "@deepseek-ai/dsh-session-projection": "^0.1.0-rc.7",
        "@deepseek-ai/dsh-session-title": "^0.1.0-rc.7",
        "@deepseek-ai/dsh-tools": "^0.1.0-rc.7",
        "immer": "^10.1.1",
        "react": "^18.2.0",
        "zustand": "~4.4.7"
      },
      "peerDependencies": {
        "@deepseek-ai/cordis": "^4.0.1",
        "@deepseek-ai/dsh-api-remotes": "^0.1.0-rc.7",
        "@deepseek-ai/dsh-invariants": "^0.1.0-rc.7",
        "@deepseek-ai/dsh-typert-protocol": "^0.1.0-rc.7",
        "@deepseek-ai/dsh-typert-registry": "^0.1.0-rc.7"
      }
    },
    "node_modules/@deepseek-ai/dsh-client-schema-form": {
      "version": "0.1.0-rc.7",
      "resolved": "https://registry.npmjs.org/@deepseek-ai/dsh-client-schema-form/-/dsh-client-schema-form-0.1.0-rc.7.tgz",
      "integrity": "sha512-acGeXjGl2lMqCO+jY1z9/FKbIiskk7FZO266OSBOwHJQP6yBd5MBnrvtPJUB3glP6xsQK8neFLLtRwVgRJ+GqQ==",
      "license": "MIT",
      "peer": true,
      "dependencies": {
        "@deepseek-ai/schemastery": "^3.18.1"
      },
      "peerDependencies": {
        "@deepseek-ai/cordis": "^4.0.1",
        "@deepseek-ai/dsh-invariants": "^0.1.0-rc.7"
      }
    },
    "node_modules/@deepseek-ai/dsh-client-ui-settings": {
      "version": "0.1.0-rc.7",
      "resolved": "https://registry.npmjs.org/@deepseek-ai/dsh-client-ui-settings/-/dsh-client-ui-settings-0.1.0-rc.7.tgz",
      "integrity": "sha512-I02BGKw3/yG25yf5omsMwmwJ2CnFyxTvbxqgRgSmTCUxATkLT87K8SxcemRZqXnFXQZhm6Il6bwVCpVfRfmNoA==",
      "license": "MIT",
      "peerDependencies": {
        "@deepseek-ai/cordis": "^4.0.1",
        "@deepseek-ai/dsh-api-remotes": "^0.1.0-rc.7",
        "@deepseek-ai/dsh-client-connection": "^0.1.0-rc.7",
        "@deepseek-ai/dsh-client-runtime": "^0.1.0-rc.7",
        "@deepseek-ai/dsh-client-schema-form": "^0.1.0-rc.7",
        "@deepseek-ai/dsh-client-ui-slots": "^0.1.0-rc.7",
        "@deepseek-ai/dsh-invariants": "^0.1.0-rc.7",
        "@deepseek-ai/dsh-settings": "^0.1.0-rc.7",
        "react": "^18.2.0"
      }
    },
    "node_modules/@deepseek-ai/dsh-client-ui-slots": {
      "version": "0.1.0-rc.7",
      "resolved": "https://registry.npmjs.org/@deepseek-ai/dsh-client-ui-slots/-/dsh-client-ui-slots-0.1.0-rc.7.tgz",
      "integrity": "sha512-5rPP/6IWZflhiegVHU56IOPGHtrhLgBV44mOFn2JNVwiwxxmKeIhEcnYD4M0eKkI+pRiJIO5WvkRYokIGgyFiA==",
      "license": "MIT",
      "peerDependencies": {
        "@deepseek-ai/cordis": "^4.0.1",
        "@deepseek-ai/dsh-invariants": "^0.1.0-rc.7"
      }
    },
    "node_modules/@deepseek-ai/dsh-code-runtime": {
      "version": "0.1.0-rc.7",
      "resolved": "https://registry.npmjs.org/@deepseek-ai/dsh-code-runtime/-/dsh-code-runtime-0.1.0-rc.7.tgz",
      "integrity": "sha512-vzW82eU4so0qJQ/XS7BGBUSguJMAgEOW3GaJJW0g+W5ysBJg+UC/Jjo1Np8mPjSpjjl4eoyXpshJzrwjoxCpRg==",
      "license": "MIT",
      "peer": true,
      "peerDependencies": {
        "@deepseek-ai/cordis": "^4.0.1",
        "@deepseek-ai/dsh-invariants": "^0.1.0-rc.7"
      }
    },
    "node_modules/@deepseek-ai/dsh-commands": {
      "version": "0.1.0-rc.7",
      "resolved": "https://registry.npmjs.org/@deepseek-ai/dsh-commands/-/dsh-commands-0.1.0-rc.7.tgz",
      "integrity": "sha512-SYrQpJZQ4fvfyfw3IJ5j0goUiOFZb1ZhcANgUp99HVlhhN/l1oEOAvEZL1efaSE7KIG6qp4JEn7iLtNdo8+mEA==",
      "license": "MIT",
      "dependencies": {
        "zod": "^4.4.3"
      },
      "peerDependencies": {
        "@deepseek-ai/cordis": "^4.0.1",
        "@deepseek-ai/dsh-agent": "^0.1.0-rc.7",
        "@deepseek-ai/dsh-brand": "^0.1.0-rc.7",
        "@deepseek-ai/dsh-invariants": "^0.1.0-rc.7",
        "@deepseek-ai/dsh-scope": "^0.1.0-rc.7",
        "@deepseek-ai/dsh-session": "^0.1.0-rc.7",
        "@deepseek-ai/dsh-typert-protocol": "^0.1.0-rc.7"
      }
    },
    "node_modules/@deepseek-ai/dsh-cordis-host-runner": {
      "version": "0.1.0-rc.7",
      "resolved": "https://registry.npmjs.org/@deepseek-ai/dsh-cordis-host-runner/-/dsh-cordis-host-runner-0.1.0-rc.7.tgz",
      "integrity": "sha512-A7R39cSNsLwjm+P54bUFBUd5+YbdyKkC5cLQqYt12STt0Z06az10Qt5rsL25rnWkxW7x7Ql0wVA83tOmO2oy0g==",
      "license": "MIT",
      "peer": true,
      "dependencies": {
        "@deepseek-ai/schemastery": "^3.18.1",
        "zod": "^4.4.3"
      },
      "peerDependencies": {
        "@deepseek-ai/cordis": "^4.0.1",
        "@deepseek-ai/dsh-agent": "^0.1.0-rc.7",
        "@deepseek-ai/dsh-brand": "^0.1.0-rc.7",
        "@deepseek-ai/dsh-invariants": "^0.1.0-rc.7",
        "@deepseek-ai/dsh-llm": "^0.1.0-rc.7",
        "@deepseek-ai/dsh-scope": "^0.1.0-rc.7",
        "@deepseek-ai/dsh-session": "^0.1.0-rc.7",
        "@deepseek-ai/dsh-tools": "^0.1.0-rc.7",
        "@deepseek-ai/dsh-typert-protocol": "^0.1.0-rc.7"
      }
    },
    "node_modules/@deepseek-ai/dsh-credentials": {
      "version": "0.1.0-rc.7",
      "resolved": "https://registry.npmjs.org/@deepseek-ai/dsh-credentials/-/dsh-credentials-0.1.0-rc.7.tgz",
      "integrity": "sha512-24oY36x90GN3QG2BASlryjzsO5eLA1U9vsvH1tPtBRJ1pBC6JqnW2v0SfDI/pcMT0ZbWo0uEATiik8rrv6xRpA==",
      "license": "MIT",
      "peerDependencies": {
        "@deepseek-ai/cordis": "^4.0.1",
        "@deepseek-ai/dsh-brand": "^0.1.0-rc.7",
        "@deepseek-ai/dsh-invariants": "^0.1.0-rc.7"
      }
    },
    "node_modules/@deepseek-ai/dsh-goal": {
      "version": "0.1.0-rc.7",
      "resolved": "https://registry.npmjs.org/@deepseek-ai/dsh-goal/-/dsh-goal-0.1.0-rc.7.tgz",
      "integrity": "sha512-/pI2o0YcP21ReT+OQx7aA8SyUsnuEHxTQtMbu3DvN9ChvaFeptCTXGvHWocwVtzEEi48mdvAXF4Mx0Ptj1LJYA==",
      "license": "MIT",
      "dependencies": {
        "@deepseek-ai/schemastery": "^3.18.1",
        "zod": "^4.4.3"
      },
      "peerDependencies": {
        "@deepseek-ai/cordis": "^4.0.1",
        "@deepseek-ai/dsh-agent": "^0.1.0-rc.7",
        "@deepseek-ai/dsh-brand": "^0.1.0-rc.7",
        "@deepseek-ai/dsh-invariants": "^0.1.0-rc.7",
        "@deepseek-ai/dsh-llm": "^0.1.0-rc.7",
        "@deepseek-ai/dsh-scope": "^0.1.0-rc.7",
        "@deepseek-ai/dsh-session": "^0.1.0-rc.7",
        "@deepseek-ai/dsh-session-projection": "^0.1.0-rc.7",
        "@deepseek-ai/dsh-typert-protocol": "^0.1.0-rc.7"
      }
    },
    "node_modules/@deepseek-ai/dsh-home-paths": {
      "version": "0.1.0-rc.7",
      "resolved": "https://registry.npmjs.org/@deepseek-ai/dsh-home-paths/-/dsh-home-paths-0.1.0-rc.7.tgz",
      "integrity": "sha512-9Bu0eAbPw/FfCNpiX9hvyP5wedMUUQBc2sVTtU+xtH27/iUPxXoamFtBt3ydBJUeuVhja/leuhJ/d3MRhXO9fQ==",
      "license": "MIT",
      "peer": true,
      "peerDependencies": {
        "@deepseek-ai/cordis": "^4.0.1",
        "@deepseek-ai/dsh-invariants": "^0.1.0-rc.7"
      }
    },
    "node_modules/@deepseek-ai/dsh-host-apiproxy": {
      "version": "0.1.0-rc.7",
      "resolved": "https://registry.npmjs.org/@deepseek-ai/dsh-host-apiproxy/-/dsh-host-apiproxy-0.1.0-rc.7.tgz",
      "integrity": "sha512-oBCIJzzvVXijtxAPqSlQUlYTywEmkn3JEpMB2PM8W4UafnxNhqvDh8ikGE7/1y6KWoFUS4jHGwerUzyp3C6oWw==",
      "license": "MIT",
      "dependencies": {
        "@deepseek-ai/dsh-agent": "^0.1.0-rc.7",
        "@deepseek-ai/dsh-agent-default-model": "^0.1.0-rc.7",
        "@deepseek-ai/dsh-api-remotes": "^0.1.0-rc.7",
        "@deepseek-ai/dsh-attachment": "^0.1.0-rc.7",
        "@deepseek-ai/dsh-brand": "^0.1.0-rc.7",
        "@deepseek-ai/dsh-commands": "^0.1.0-rc.7",
        "@deepseek-ai/dsh-credentials": "^0.1.0-rc.7",
        "@deepseek-ai/dsh-goal": "^0.1.0-rc.7",
        "@deepseek-ai/dsh-host-directory-picker": "^0.1.0-rc.7",
        "@deepseek-ai/dsh-jobs": "^0.1.0-rc.7",
        "@deepseek-ai/dsh-llm": "^0.1.0-rc.7",
        "@deepseek-ai/dsh-native-command": "^0.1.0-rc.7",
        "@deepseek-ai/dsh-session": "^0.1.0-rc.7",
        "@deepseek-ai/dsh-session-persistence": "^0.1.0-rc.7",
        "@deepseek-ai/dsh-session-projection": "^0.1.0-rc.7",
        "@deepseek-ai/dsh-session-projection-cache": "^0.1.0-rc.7",
        "@deepseek-ai/dsh-session-query": "^0.1.0-rc.7",
        "@deepseek-ai/dsh-session-title": "^0.1.0-rc.7",
        "@deepseek-ai/dsh-settings": "^0.1.0-rc.7",
        "@deepseek-ai/dsh-skill": "^0.1.0-rc.7",
        "@deepseek-ai/dsh-subagent": "^0.1.0-rc.7",
        "@deepseek-ai/dsh-tools": "^0.1.0-rc.7",
        "@deepseek-ai/dsh-user-approval": "^0.1.0-rc.7",
        "@deepseek-ai/dsh-user-questions": "^0.1.0-rc.7",
        "@deepseek-ai/dsh-workspace": "^0.1.0-rc.7",
        "@deepseek-ai/schemastery": "^3.18.1",
        "fflate": "^0.8.2",
        "zod": "^4.4.3"
      },
      "peerDependencies": {
        "@deepseek-ai/cordis": "^4.0.1",
        "@deepseek-ai/dsh-agent-presets": "^0.1.0-rc.7",
        "@deepseek-ai/dsh-cordis-host-runner": "^0.1.0-rc.7",
        "@deepseek-ai/dsh-invariants": "^0.1.0-rc.7"
      }
    },
    "node_modules/@deepseek-ai/dsh-host-directory-picker": {
      "version": "0.1.0-rc.7",
      "resolved": "https://registry.npmjs.org/@deepseek-ai/dsh-host-directory-picker/-/dsh-host-directory-picker-0.1.0-rc.7.tgz",
      "integrity": "sha512-CamVZ4wOjGcgzOiRFQtG0J0hy4EY3nXJBRFs0S397+H7b9eJUTtaMdOxP5w7VhMQ0Aq2ND7gpadwIcFaqINsMw==",
      "license": "MIT",
      "peerDependencies": {
        "@deepseek-ai/cordis": "^4.0.1",
        "@deepseek-ai/dsh-invariants": "^0.1.0-rc.7"
      }
    },
    "node_modules/@deepseek-ai/dsh-host-plugin-inventory": {
      "version": "0.1.0-rc.7",
      "resolved": "https://registry.npmjs.org/@deepseek-ai/dsh-host-plugin-inventory/-/dsh-host-plugin-inventory-0.1.0-rc.7.tgz",
      "integrity": "sha512-B8ITfMnBAdgkkuvoMrBdVgydhsCYGnP8XIGXIouOQyT9/eWbD3WqO76XG+u+e2G36ACXu2NaIxsRh3ijzyorwg==",
      "license": "MIT",
      "peer": true,
      "dependencies": {
        "zod": "^4.4.3"
      },
      "peerDependencies": {
        "@deepseek-ai/cordis": "^4.0.1",
        "@deepseek-ai/cordis-plugin-loader": "^1.0.2",
        "@deepseek-ai/dsh-brand": "^0.1.0-rc.7",
        "@deepseek-ai/dsh-invariants": "^0.1.0-rc.7",
        "@deepseek-ai/dsh-typert-protocol": "^0.1.0-rc.7"
      }
    },
    "node_modules/@deepseek-ai/dsh-host-webserver": {
      "version": "0.1.0-rc.7",
      "resolved": "https://registry.npmjs.org/@deepseek-ai/dsh-host-webserver/-/dsh-host-webserver-0.1.0-rc.7.tgz",
      "integrity": "sha512-ip6HeN9YpWJXgWKAWsL3JUrI8j+MHEvbQ/m3U5ubP/Pc0AQ9x+6xZ/nYe+22112I12rihiwb85ykFwFfx0QbKQ==",
      "license": "MIT",
      "peer": true,
      "dependencies": {
        "@deepseek-ai/schemastery": "^3.18.1"
      },
      "peerDependencies": {
        "@deepseek-ai/cordis": "^4.0.1",
        "@deepseek-ai/dsh-invariants": "^0.1.0-rc.7"
      }
    },
    "node_modules/@deepseek-ai/dsh-invariants": {
      "version": "0.1.0-rc.7",
      "resolved": "https://registry.npmjs.org/@deepseek-ai/dsh-invariants/-/dsh-invariants-0.1.0-rc.7.tgz",
      "integrity": "sha512-PnO1F4aZGUmqZPyuPJpBUfQ4DZmjCGCNGr0yuN2iURTP/e6h0kGnTNTYgR2NqMvAtpP66WNiHhvH2LMqumk1+A==",
      "license": "MIT",
      "peer": true,
      "dependencies": {
        "@deepseek-ai/schemastery": "^3.18.1"
      },
      "peerDependencies": {
        "@deepseek-ai/cordis": "^4.0.1"
      }
    },
    "node_modules/@deepseek-ai/dsh-jobs": {
      "version": "0.1.0-rc.7",
      "resolved": "https://registry.npmjs.org/@deepseek-ai/dsh-jobs/-/dsh-jobs-0.1.0-rc.7.tgz",
      "integrity": "sha512-+omM89dEsaiAL1XtsSTMmRF46POp5g25Qs5KVj+Zfrk7whlXjLXwFiaukt/htdVdHIOM51qM+tCleqlHOU0Chw==",
      "license": "MIT",
      "peerDependencies": {
        "@deepseek-ai/cordis": "^4.0.1",
        "@deepseek-ai/dsh-agent": "^0.1.0-rc.7",
        "@deepseek-ai/dsh-brand": "^0.1.0-rc.7",
        "@deepseek-ai/dsh-invariants": "^0.1.0-rc.7",
        "@deepseek-ai/dsh-session": "^0.1.0-rc.7"
      }
    },
    "node_modules/@deepseek-ai/dsh-llm": {
      "version": "0.1.0-rc.7",
      "resolved": "https://registry.npmjs.org/@deepseek-ai/dsh-llm/-/dsh-llm-0.1.0-rc.7.tgz",
      "integrity": "sha512-VaB9kQ8XOA+R5jtsWf92QMc1WpaatEAFUvQePGUYrzQ7Z86b9VhQQzmchh5VmknT4oRSSdn0re5tReCvfcYNXQ==",
      "license": "MIT",
      "dependencies": {
        "@deepseek-ai/schemastery": "^3.18.1"
      },
      "peerDependencies": {
        "@deepseek-ai/cordis": "^4.0.1",
        "@deepseek-ai/dsh-attachment": "^0.1.0-rc.7",
        "@deepseek-ai/dsh-brand": "^0.1.0-rc.7",
        "@deepseek-ai/dsh-invariants": "^0.1.0-rc.7",
        "@deepseek-ai/dsh-timeout": "^0.1.0-rc.7"
      }
    },
    "node_modules/@deepseek-ai/dsh-llm-retry": {
      "version": "0.1.0-rc.7",
      "resolved": "https://registry.npmjs.org/@deepseek-ai/dsh-llm-retry/-/dsh-llm-retry-0.1.0-rc.7.tgz",
      "integrity": "sha512-yyn5Yqth6vdScgmcYDF7L3a1jbfcu2y205HyTx9d84H+eU+h9m8k0Mc+1l8VCJbv9GILPCvoijP8wFTPDas7gQ==",
      "license": "MIT",
      "dependencies": {
        "@deepseek-ai/schemastery": "^3.18.1"
      },
      "peerDependencies": {
        "@deepseek-ai/cordis": "^4.0.1",
        "@deepseek-ai/dsh-agent": "^0.1.0-rc.7",
        "@deepseek-ai/dsh-brand": "^0.1.0-rc.7",
        "@deepseek-ai/dsh-invariants": "^0.1.0-rc.7",
        "@deepseek-ai/dsh-llm": "^0.1.0-rc.7",
        "@deepseek-ai/dsh-session": "^0.1.0-rc.7",
        "@deepseek-ai/dsh-timeout": "^0.1.0-rc.7"
      }
    },
    "node_modules/@deepseek-ai/dsh-message-feedback": {
      "version": "0.1.0-rc.7",
      "resolved": "https://registry.npmjs.org/@deepseek-ai/dsh-message-feedback/-/dsh-message-feedback-0.1.0-rc.7.tgz",
      "integrity": "sha512-P/Inw7dQMZCC6I6NC6G0UF9SeOVlpQxOBg2+LoCdvyTt40itDow2wmlThqkQDIt4UMHLT4yRc0Gd6a4gmTNJ2w==",
      "license": "MIT",
      "peer": true,
      "dependencies": {
        "@deepseek-ai/schemastery": "^3.18.1",
        "zod": "^4.4.3"
      },
      "peerDependencies": {
        "@deepseek-ai/cordis": "^4.0.1",
        "@deepseek-ai/dsh-brand": "^0.1.0-rc.7",
        "@deepseek-ai/dsh-invariants": "^0.1.0-rc.7",
        "@deepseek-ai/dsh-llm": "^0.1.0-rc.7",
        "@deepseek-ai/dsh-session": "^0.1.0-rc.7",
        "@deepseek-ai/dsh-session-persistence": "^0.1.0-rc.7",
        "@deepseek-ai/dsh-storage-domain": "^0.1.0-rc.7",
        "@deepseek-ai/dsh-typert-protocol": "^0.1.0-rc.7"
      }
    },
    "node_modules/@deepseek-ai/dsh-native-command": {
      "version": "0.1.0-rc.7",
      "resolved": "https://registry.npmjs.org/@deepseek-ai/dsh-native-command/-/dsh-native-command-0.1.0-rc.7.tgz",
      "integrity": "sha512-c7NiAYPx5Ho2ZYOODRvt0yTZ9l00n7QvRh8paiyLaYBOuzo30KDo5wTJXGLxMkfzi6EQsWw1tljd8MnpGL2P4Q==",
      "license": "MIT",
      "peerDependencies": {
        "@deepseek-ai/cordis": "^4.0.1",
        "@deepseek-ai/dsh-invariants": "^0.1.0-rc.7"
      }
    },
    "node_modules/@deepseek-ai/dsh-scope": {
      "version": "0.1.0-rc.7",
      "resolved": "https://registry.npmjs.org/@deepseek-ai/dsh-scope/-/dsh-scope-0.1.0-rc.7.tgz",
      "integrity": "sha512-8gn+sANXhpv+9egbNwq49/uI3XhbmB33obo9yMyzyzruan3zFoxeH4UV54jTC2hjbu8gFNPsyNam9AAtRV8/Cg==",
      "license": "MIT",
      "peer": true,
      "peerDependencies": {
        "@deepseek-ai/cordis": "^4.0.1",
        "@deepseek-ai/dsh-invariants": "^0.1.0-rc.7"
      }
    },
    "node_modules/@deepseek-ai/dsh-session": {
      "version": "0.1.0-rc.7",
      "resolved": "https://registry.npmjs.org/@deepseek-ai/dsh-session/-/dsh-session-0.1.0-rc.7.tgz",
      "integrity": "sha512-02WVTkqIH+TyDL7dhMN3Hm+qcTEdhD0fVDC0aIAyND2fBdXj3CagEXXvpmt3mzwWfKwOTGL1RdxtC6pMA4Bl1A==",
      "license": "MIT",
      "peerDependencies": {
        "@deepseek-ai/cordis": "^4.0.1",
        "@deepseek-ai/dsh-brand": "^0.1.0-rc.7",
        "@deepseek-ai/dsh-invariants": "^0.1.0-rc.7",
        "@deepseek-ai/dsh-llm": "^0.1.0-rc.7",
        "@deepseek-ai/dsh-scope": "^0.1.0-rc.7",
        "@deepseek-ai/dsh-typert-protocol": "^0.1.0-rc.7"
      }
    },
    "node_modules/@deepseek-ai/dsh-session-persistence": {
      "version": "0.1.0-rc.7",
      "resolved": "https://registry.npmjs.org/@deepseek-ai/dsh-session-persistence/-/dsh-session-persistence-0.1.0-rc.7.tgz",
      "integrity": "sha512-NFH1uIGQDgMFOijgAv8lLWRiY3eHFEZW2alwuHlu4C32P4+jdChh9fjPlzBar3ZZTq0ZW0qWCdbYZS02DNxsvA==",
      "license": "MIT",
      "peerDependencies": {
        "@deepseek-ai/cordis": "^4.0.1",
        "@deepseek-ai/dsh-brand": "^0.1.0-rc.7",
        "@deepseek-ai/dsh-invariants": "^0.1.0-rc.7",
        "@deepseek-ai/dsh-session": "^0.1.0-rc.7",
        "@deepseek-ai/dsh-timeout": "^0.1.0-rc.7"
      }
    },
    "node_modules/@deepseek-ai/dsh-session-projection": {
      "version": "0.1.0-rc.7",
      "resolved": "https://registry.npmjs.org/@deepseek-ai/dsh-session-projection/-/dsh-session-projection-0.1.0-rc.7.tgz",
      "integrity": "sha512-BXehLYt6wYnV0PNNhv5GECePkH1w+1yuu/R63d2tdYdUQ7XVrd6tu5hMwfTH0P9AnBDxJir08FRu2WKO69JypA==",
      "license": "MIT",
      "dependencies": {
        "zod": "^4.4.3"
      },
      "peerDependencies": {
        "@deepseek-ai/cordis": "^4.0.1",
        "@deepseek-ai/dsh-invariants": "^0.1.0-rc.7",
        "@deepseek-ai/dsh-session": "^0.1.0-rc.7"
      }
    },
    "node_modules/@deepseek-ai/dsh-session-projection-cache": {
      "version": "0.1.0-rc.7",
      "resolved": "https://registry.npmjs.org/@deepseek-ai/dsh-session-projection-cache/-/dsh-session-projection-cache-0.1.0-rc.7.tgz",
      "integrity": "sha512-qWf7p2Xgr0LnY4o466ei3L/81QbGFQcCbEi+4XX9rxLKgnU+RvlQzwmIilrgz9N2hK/RqwS1Nb03bFRisxVeaw==",
      "license": "MIT",
      "dependencies": {
        "@deepseek-ai/schemastery": "^3.18.1",
        "zod": "^4.4.3"
      },
      "peerDependencies": {
        "@deepseek-ai/cordis": "^4.0.1",
        "@deepseek-ai/dsh-invariants": "^0.1.0-rc.7",
        "@deepseek-ai/dsh-session": "^0.1.0-rc.7",
        "@deepseek-ai/dsh-session-persistence": "^0.1.0-rc.7",
        "@deepseek-ai/dsh-session-projection": "^0.1.0-rc.7",
        "@deepseek-ai/dsh-storage-domain": "^0.1.0-rc.7"
      }
    },
    "node_modules/@deepseek-ai/dsh-session-query": {
      "version": "0.1.0-rc.7",
      "resolved": "https://registry.npmjs.org/@deepseek-ai/dsh-session-query/-/dsh-session-query-0.1.0-rc.7.tgz",
      "integrity": "sha512-JKlEpByllYQU9JZLadrS3ClWCVZMcKRB4nc6iCWuNExyRi/Whwa5GicKFs+jXwGKe/rdSbTCom/jYLwkqipjuw==",
      "license": "MIT",
      "peerDependencies": {
        "@deepseek-ai/cordis": "^4.0.1",
        "@deepseek-ai/dsh-brand": "^0.1.0-rc.7",
        "@deepseek-ai/dsh-invariants": "^0.1.0-rc.7",
        "@deepseek-ai/dsh-llm": "^0.1.0-rc.7",
        "@deepseek-ai/dsh-session": "^0.1.0-rc.7",
        "@deepseek-ai/dsh-session-persistence": "^0.1.0-rc.7",
        "@deepseek-ai/dsh-session-title": "^0.1.0-rc.7"
      },
      "peerDependenciesMeta": {
        "@deepseek-ai/dsh-session-persistence": {
          "optional": true
        }
      }
    },
    "node_modules/@deepseek-ai/dsh-session-title": {
      "version": "0.1.0-rc.7",
      "resolved": "https://registry.npmjs.org/@deepseek-ai/dsh-session-title/-/dsh-session-title-0.1.0-rc.7.tgz",
      "integrity": "sha512-jhFiZa/C58zchuJkBodnkiPil7AEK8mHfB/hMOAW3N/7tUg5nbMLBERNqHdDMbIrvhTndrF4SN9qy+ltUf0cOQ==",
      "license": "MIT",
      "dependencies": {
        "@deepseek-ai/schemastery": "^3.18.1",
        "zod": "^4.4.3"
      },
      "peerDependencies": {
        "@deepseek-ai/cordis": "^4.0.1",
        "@deepseek-ai/dsh-brand": "^0.1.0-rc.7",
        "@deepseek-ai/dsh-invariants": "^0.1.0-rc.7",
        "@deepseek-ai/dsh-llm": "^0.1.0-rc.7",
        "@deepseek-ai/dsh-session": "^0.1.0-rc.7",
        "@deepseek-ai/dsh-session-projection": "^0.1.0-rc.7"
      }
    },
    "node_modules/@deepseek-ai/dsh-settings": {
      "version": "0.1.0-rc.7",
      "resolved": "https://registry.npmjs.org/@deepseek-ai/dsh-settings/-/dsh-settings-0.1.0-rc.7.tgz",
      "integrity": "sha512-cS1+StK2xIVykrskw+KrO+hKJxYaVVgY2Jex2we5zASTNLHYCj74WQluPlaFjFgnXoZ1RYz8HNXL5/Ho6h1Ynw==",
      "license": "MIT",
      "peerDependencies": {
        "@deepseek-ai/cordis": "^4.0.1",
        "@deepseek-ai/dsh-brand": "^0.1.0-rc.7",
        "@deepseek-ai/dsh-invariants": "^0.1.0-rc.7",
        "@deepseek-ai/schemastery": "^3.18.1"
      }
    },
    "node_modules/@deepseek-ai/dsh-skill": {
      "version": "0.1.0-rc.7",
      "resolved": "https://registry.npmjs.org/@deepseek-ai/dsh-skill/-/dsh-skill-0.1.0-rc.7.tgz",
      "integrity": "sha512-tDaqB1TOs27fSt6FZdjvPs4THXAFKoKOEgQG+iFUv63O5bm+glyLY3K1LTK8JeofB4lg3+4JIAeWRslnLJH57w==",
      "license": "MIT",
      "dependencies": {
        "@deepseek-ai/schemastery": "^3.18.1"
      },
      "peerDependencies": {
        "@deepseek-ai/cordis": "^4.0.1",
        "@deepseek-ai/dsh-invariants": "^0.1.0-rc.7",
        "@deepseek-ai/dsh-llm": "^0.1.0-rc.7",
        "@deepseek-ai/dsh-scope": "^0.1.0-rc.7"
      }
    },
    "node_modules/@deepseek-ai/dsh-storage": {
      "version": "0.1.0-rc.7",
      "resolved": "https://registry.npmjs.org/@deepseek-ai/dsh-storage/-/dsh-storage-0.1.0-rc.7.tgz",
      "integrity": "sha512-M+6+SOjWWcfYoGASBMx+b1sHmWPFAHXF57rE/Mew9k5tHC5bEV8+owWwYOWQfv41eO1FfRMibZd0rH6mwPNApg==",
      "license": "MIT",
      "peer": true,
      "peerDependencies": {
        "@deepseek-ai/cordis": "^4.0.1",
        "@deepseek-ai/dsh-invariants": "^0.1.0-rc.7"
      }
    },
    "node_modules/@deepseek-ai/dsh-storage-domain": {
      "version": "0.1.0-rc.7",
      "resolved": "https://registry.npmjs.org/@deepseek-ai/dsh-storage-domain/-/dsh-storage-domain-0.1.0-rc.7.tgz",
      "integrity": "sha512-UxXwoCB0q4+/F+zddvi8I4LknTIlGD/1ec57Ym52kWRb7a8qGgrcIYrOC3yPCozn8rkirAuhEAkyAhR6AO5QDw==",
      "license": "MIT",
      "peer": true,
      "dependencies": {
        "@deepseek-ai/schemastery": "^3.18.1",
        "zod": "^4.4.3"
      },
      "peerDependencies": {
        "@deepseek-ai/cordis": "^4.0.1",
        "@deepseek-ai/dsh-invariants": "^0.1.0-rc.7",
        "@deepseek-ai/dsh-storage": "^0.1.0-rc.7"
      }
    },
    "node_modules/@deepseek-ai/dsh-subagent": {
      "version": "0.1.0-rc.7",
      "resolved": "https://registry.npmjs.org/@deepseek-ai/dsh-subagent/-/dsh-subagent-0.1.0-rc.7.tgz",
      "integrity": "sha512-PEpA9XT6E4hg7N8m7GYQyDLwFUwoqWTz0Cm9SrdAoNcju4byG08qy4+muDZbG0a1tm3PR4rxNB5zKcobDhDocg==",
      "license": "MIT",
      "dependencies": {
        "zod": "^4.4.3"
      },
      "peerDependencies": {
        "@deepseek-ai/cordis": "^4.0.1",
        "@deepseek-ai/dsh-agent": "^0.1.0-rc.7",
        "@deepseek-ai/dsh-agent-presets": "^0.1.0-rc.7",
        "@deepseek-ai/dsh-brand": "^0.1.0-rc.7",
        "@deepseek-ai/dsh-invariants": "^0.1.0-rc.7",
        "@deepseek-ai/dsh-jobs": "^0.1.0-rc.7",
        "@deepseek-ai/dsh-llm": "^0.1.0-rc.7",
        "@deepseek-ai/dsh-sandbox": "^0.1.0-rc.7",
        "@deepseek-ai/dsh-sandbox-policy": "^0.1.0-rc.7",
        "@deepseek-ai/dsh-scope": "^0.1.0-rc.7",
        "@deepseek-ai/dsh-session": "^0.1.0-rc.7",
        "@deepseek-ai/dsh-session-persistence": "^0.1.0-rc.7",
        "@deepseek-ai/dsh-session-projection": "^0.1.0-rc.7",
        "@deepseek-ai/dsh-session-projection-cache": "^0.1.0-rc.7",
        "@deepseek-ai/dsh-tools": "^0.1.0-rc.7",
        "@deepseek-ai/dsh-user-approval": "^0.1.0-rc.7"
      },
      "peerDependenciesMeta": {
        "@deepseek-ai/dsh-agent-presets": {
          "optional": true
        },
        "@deepseek-ai/dsh-jobs": {
          "optional": true
        },
        "@deepseek-ai/dsh-sandbox": {
          "optional": true
        },
        "@deepseek-ai/dsh-sandbox-policy": {
          "optional": true
        },
        "@deepseek-ai/dsh-session-persistence": {
          "optional": true
        },
        "@deepseek-ai/dsh-session-projection": {
          "optional": true
        },
        "@deepseek-ai/dsh-session-projection-cache": {
          "optional": true
        },
        "@deepseek-ai/dsh-user-approval": {
          "optional": true
        }
      }
    },
    "node_modules/@deepseek-ai/dsh-system-prompt": {
      "version": "0.1.0-rc.7",
      "resolved": "https://registry.npmjs.org/@deepseek-ai/dsh-system-prompt/-/dsh-system-prompt-0.1.0-rc.7.tgz",
      "integrity": "sha512-Rair2ZkzgoIIr+UstYVYeqeUgORNPIW1LNcsXz3Zjglx4FGjsmzs0UALdNYvSBpBvCLNmt4E6+XQIrBbS/s9jw==",
      "license": "MIT",
      "peer": true,
      "dependencies": {
        "@deepseek-ai/schemastery": "^3.18.1"
      },
      "peerDependencies": {
        "@deepseek-ai/cordis": "^4.0.1",
        "@deepseek-ai/dsh-invariants": "^0.1.0-rc.7",
        "@deepseek-ai/dsh-llm": "^0.1.0-rc.7",
        "@deepseek-ai/dsh-scope": "^0.1.0-rc.7"
      }
    },
    "node_modules/@deepseek-ai/dsh-timeout": {
      "version": "0.1.0-rc.7",
      "resolved": "https://registry.npmjs.org/@deepseek-ai/dsh-timeout/-/dsh-timeout-0.1.0-rc.7.tgz",
      "integrity": "sha512-Ufl9G7zP7Tky/zkXscavEiolEfAwutfbPeLb5sUU/tPQlDykhh1NwGrarNJ11fdR723zmA/3co4LgxtDtWCOEQ==",
      "license": "MIT",
      "peer": true,
      "peerDependencies": {
        "@deepseek-ai/cordis": "^4.0.1",
        "@deepseek-ai/dsh-invariants": "^0.1.0-rc.7"
      }
    },
    "node_modules/@deepseek-ai/dsh-tools": {
      "version": "0.1.0-rc.7",
      "resolved": "https://registry.npmjs.org/@deepseek-ai/dsh-tools/-/dsh-tools-0.1.0-rc.7.tgz",
      "integrity": "sha512-7Kq3EEv354aNcxbS0NRfxxyJiZhCsvFV/03a3MdkYO/gG2eM9+E4xQum0N2FL5bw7JiGlgw8jdLMkcNGmavEaA==",
      "license": "MIT",
      "dependencies": {
        "@deepseek-ai/schemastery": "^3.18.1"
      },
      "peerDependencies": {
        "@deepseek-ai/cordis": "^4.0.1",
        "@deepseek-ai/dsh-agent": "^0.1.0-rc.7",
        "@deepseek-ai/dsh-code-runtime": "^0.1.0-rc.7",
        "@deepseek-ai/dsh-invariants": "^0.1.0-rc.7",
        "@deepseek-ai/dsh-llm": "^0.1.0-rc.7",
        "@deepseek-ai/dsh-scope": "^0.1.0-rc.7",
        "@deepseek-ai/dsh-session": "^0.1.0-rc.7",
        "@deepseek-ai/dsh-system-prompt": "^0.1.0-rc.7",
        "@deepseek-ai/dsh-user-approval": "^0.1.0-rc.7"
      }
    },
    "node_modules/@deepseek-ai/dsh-typert-protocol": {
      "version": "0.1.0-rc.7",
      "resolved": "https://registry.npmjs.org/@deepseek-ai/dsh-typert-protocol/-/dsh-typert-protocol-0.1.0-rc.7.tgz",
      "integrity": "sha512-R7qdvaRRHbz5xijoVOxueeBB/VT0eDzuQNQN4iNEBUbI/L9xG9bZutktTQlgrIlBSn1sPH4pLqiCiM6ErQPTaQ==",
      "license": "MIT",
      "peerDependencies": {
        "@deepseek-ai/cordis": "^4.0.1",
        "@deepseek-ai/dsh-invariants": "^0.1.0-rc.7"
      }
    },
    "node_modules/@deepseek-ai/dsh-typert-registry": {
      "version": "0.1.0-rc.7",
      "resolved": "https://registry.npmjs.org/@deepseek-ai/dsh-typert-registry/-/dsh-typert-registry-0.1.0-rc.7.tgz",
      "integrity": "sha512-7AQNJLNZTw7/5DzjbfBy4dRqr6VSwc74HBOSPpxm0zzzbmXOEqRCRzMps25IByoAeltRz1ZyY4fzN3tcYa+XwQ==",
      "license": "MIT",
      "peer": true,
      "dependencies": {
        "@deepseek-ai/dsh-typert-protocol": "^0.1.0-rc.7",
        "zod": "^4.4.3"
      },
      "peerDependencies": {
        "@deepseek-ai/cordis": "^4.0.1",
        "@deepseek-ai/dsh-invariants": "^0.1.0-rc.7"
      }
    },
    "node_modules/@deepseek-ai/dsh-user-approval": {
      "version": "0.1.0-rc.7",
      "resolved": "https://registry.npmjs.org/@deepseek-ai/dsh-user-approval/-/dsh-user-approval-0.1.0-rc.7.tgz",
      "integrity": "sha512-kYMpU6eg1m1BcfSC4FLWUcNH/QAE8tcu0WRkQzqzoCw8bK/Nl3dqHtd2qSVzI/emIviTulM5I230e4wPi/kuVg==",
      "license": "MIT",
      "dependencies": {
        "@deepseek-ai/schemastery": "^3.18.1"
      },
      "peerDependencies": {
        "@deepseek-ai/cordis": "^4.0.1",
        "@deepseek-ai/dsh-agent": "^0.1.0-rc.7",
        "@deepseek-ai/dsh-brand": "^0.1.0-rc.7",
        "@deepseek-ai/dsh-invariants": "^0.1.0-rc.7",
        "@deepseek-ai/dsh-llm": "^0.1.0-rc.7",
        "@deepseek-ai/dsh-scope": "^0.1.0-rc.7",
        "@deepseek-ai/dsh-session": "^0.1.0-rc.7",
        "@deepseek-ai/dsh-system-prompt": "^0.1.0-rc.7"
      }
    },
    "node_modules/@deepseek-ai/dsh-user-questions": {
      "version": "0.1.0-rc.7",
      "resolved": "https://registry.npmjs.org/@deepseek-ai/dsh-user-questions/-/dsh-user-questions-0.1.0-rc.7.tgz",
      "integrity": "sha512-dfT6pj84lJdhrtbW2pV6hRftoKDkqx0aJevrhUhOy7Lv3CqTOheuLwwyT69Lww+n/q80Z+yp41qJq9loCkrOaw==",
      "license": "MIT",
      "peerDependencies": {
        "@deepseek-ai/cordis": "^4.0.1",
        "@deepseek-ai/dsh-agent": "^0.1.0-rc.7",
        "@deepseek-ai/dsh-invariants": "^0.1.0-rc.7",
        "@deepseek-ai/dsh-llm": "^0.1.0-rc.7"
      }
    },
    "node_modules/@deepseek-ai/dsh-workspace": {
      "version": "0.1.0-rc.7",
      "resolved": "https://registry.npmjs.org/@deepseek-ai/dsh-workspace/-/dsh-workspace-0.1.0-rc.7.tgz",
      "integrity": "sha512-0czW0bI+uFFOS8h8eJ9SGZSdv+StEsa/+E1WEjZQXVeIOxo520Pv47dq+Z3mTyBfV8gJB+UcY0AQ3F0FddYohg==",
      "license": "MIT",
      "dependencies": {
        "zod": "^4.4.3"
      },
      "peerDependencies": {
        "@deepseek-ai/cordis": "^4.0.1",
        "@deepseek-ai/dsh-brand": "^0.1.0-rc.7",
        "@deepseek-ai/dsh-invariants": "^0.1.0-rc.7",
        "@deepseek-ai/dsh-session": "^0.1.0-rc.7",
        "@deepseek-ai/dsh-session-persistence": "^0.1.0-rc.7",
        "@deepseek-ai/dsh-storage": "^0.1.0-rc.7",
        "@deepseek-ai/dsh-storage-domain": "^0.1.0-rc.7"
      }
    },
    "node_modules/@deepseek-ai/schemastery": {
      "version": "3.18.1",
      "resolved": "https://registry.npmjs.org/@deepseek-ai/schemastery/-/schemastery-3.18.1.tgz",
      "integrity": "sha512-Qn0FCSwCQnpnj6SB31I6i2sIKgKWnkbJM8O0EU91Gv2UsYVvtZTl6IA0sCwk2e2MZf5S8w5hpq9QkeVvK9qwxg==",
      "license": "MIT",
      "dependencies": {
        "@deepseek-ai/cosmokit": "^1.8.2",
        "@standard-schema/spec": "^1.1.0"
      }
    },
    "node_modules/@standard-schema/spec": {
      "version": "1.1.0",
      "resolved": "https://registry.npmjs.org/@standard-schema/spec/-/spec-1.1.0.tgz",
      "integrity": "sha512-l2aFy5jALhniG5HgqrD6jXLi/rUWrKvqN/qJx6yoJsgKhblVd+iqqU4RCXavm/jPityDo5TCvKMnpjKnOriy0w==",
      "license": "MIT"
    },
    "node_modules/argparse": {
      "version": "2.0.1",
      "resolved": "https://registry.npmjs.org/argparse/-/argparse-2.0.1.tgz",
      "integrity": "sha512-8+9WqebbFzpX9OR+Wa6O29asIogeRMzcGtAINdpMHHyAg10f05aSFVBbcEqGf/PXw1EjAZ+q2/bEBg3DvurK3Q==",
      "license": "Python-2.0"
    },
    "node_modules/dsh-memory": {
      "resolved": "packages/dsh-memory",
      "link": true
    },
    "node_modules/dsh-memory-ui": {
      "resolved": "packages/dsh-memory-ui",
      "link": true
    },
    "node_modules/fflate": {
      "version": "0.8.3",
      "resolved": "https://registry.npmjs.org/fflate/-/fflate-0.8.3.tgz",
      "integrity": "sha512-tbZNuJrLwGUp3zshBtdy4W+ORxZuIh8a5ilyIEQDC5rY1f3U20JMry0Ll3WBzU58EZKsEuJFXhb5gwv8CsPvgA==",
      "license": "MIT"
    },
    "node_modules/immer": {
      "version": "10.2.0",
      "resolved": "https://registry.npmjs.org/immer/-/immer-10.2.0.tgz",
      "integrity": "sha512-d/+XTN3zfODyjr89gM3mPq1WNX2B8pYsu7eORitdwyA2sBubnTl3laYlBk4sXY5FUa5qTZGBDPJICVbvqzjlbw==",
      "license": "MIT",
      "funding": {
        "type": "opencollective",
        "url": "https://opencollective.com/immer"
      }
    },
    "node_modules/js-tokens": {
      "version": "4.0.0",
      "resolved": "https://registry.npmjs.org/js-tokens/-/js-tokens-4.0.0.tgz",
      "integrity": "sha512-RdJUflcE3cUzKiMqQgsCu06FPu9UdIJO0beYbPhHN4k6apgJtifcoCtT9bcxOpYBtpD2kCM6Sbzg4CausW/PKQ==",
      "license": "MIT"
    },
    "node_modules/js-yaml": {
      "version": "5.3.0",
      "resolved": "https://registry.npmjs.org/js-yaml/-/js-yaml-5.3.0.tgz",
      "integrity": "sha512-muutsYr+e2+d3rTgUGslq5rxbBlUy3cJ61IsHag2QNDQV+7zXWjkUpmALIajhrlLlrgRUiymj6U3zUr/TMK84Q==",
      "dev": true,
      "funding": [
        {
          "type": "github",
          "url": "https://github.com/sponsors/puzrin"
        },
        {
          "type": "github",
          "url": "https://github.com/sponsors/nodeca"
        }
      ],
      "license": "MIT",
      "dependencies": {
        "argparse": "^2.0.1"
      },
      "bin": {
        "js-yaml": "bin/js-yaml.mjs"
      }
    },
    "node_modules/loose-envify": {
      "version": "1.4.0",
      "resolved": "https://registry.npmjs.org/loose-envify/-/loose-envify-1.4.0.tgz",
      "integrity": "sha512-lyuxPGr/Wfhrlem2CL/UcnUc1zcqKAImBDzukY7Y5F/yQiNdko6+fRLevlw1HgMySw7f611UIY408EtxRSoK3Q==",
      "license": "MIT",
      "dependencies": {
        "js-tokens": "^3.0.0 || ^4.0.0"
      },
      "bin": {
        "loose-envify": "cli.js"
      }
    },
    "node_modules/react": {
      "version": "18.3.1",
      "resolved": "https://registry.npmmirror.com/react/-/react-18.3.1.tgz",
      "integrity": "sha512-wS+hAgJShR0KhEvPJArfuPVN1+Hz1t0Y6n5jLrGQbkb4urgPE/0Rve+1kMB1v/oWgHgm4WIcV+i7F2pTVj+2iQ==",
      "license": "MIT",
      "dependencies": {
        "loose-envify": "^1.1.0"
      },
      "engines": {
        "node": ">=0.10.0"
      }
    },
    "node_modules/use-sync-external-store": {
      "version": "1.2.0",
      "resolved": "https://registry.npmjs.org/use-sync-external-store/-/use-sync-external-store-1.2.0.tgz",
      "integrity": "sha512-eEgnFxGQ1Ife9bzYs6VLi8/4X6CObHMw9Qr9tPY43iKwsPw8xE8+EFsf/2cFZ5S3esXgpWgtSCtLNS41F+sKPA==",
      "license": "MIT",
      "peerDependencies": {
        "react": "^16.8.0 || ^17.0.0 || ^18.0.0"
      }
    },
    "node_modules/ws": {
      "version": "8.21.3",
      "resolved": "https://registry.npmjs.org/ws/-/ws-8.21.3.tgz",
      "integrity": "sha512-201TZ/kPWxoPr/OKWjquZR1SWKXcvxdH+e1xrx89b3YbmzLMFCLfnaG1HFIgWzJOEWZ7MvpK++odZufgYR50Rw==",
      "license": "MIT",
      "engines": {
        "node": ">=10.0.0"
      },
      "peerDependencies": {
        "bufferutil": "^4.0.1",
        "utf-8-validate": ">=5.0.2"
      },
      "peerDependenciesMeta": {
        "bufferutil": {
          "optional": true
        },
        "utf-8-validate": {
          "optional": true
        }
      }
    },
    "node_modules/zod": {
      "version": "4.4.3",
      "resolved": "https://registry.npmjs.org/zod/-/zod-4.4.3.tgz",
      "integrity": "sha512-ytENFjIJFl2UwYglde2jchW2Hwm4GJFLDiSXWdTrJQBIN9Fcyp7n4DhxJEiWNAJMV1/BqWfW/kkg71UDcHJyTQ==",
      "license": "MIT",
      "funding": {
        "url": "https://github.com/sponsors/colinhacks"
      }
    },
    "node_modules/zustand": {
      "version": "4.4.7",
      "resolved": "https://registry.npmjs.org/zustand/-/zustand-4.4.7.tgz",
      "integrity": "sha512-QFJWJMdlETcI69paJwhSMJz7PPWjVP8Sjhclxmxmxv/RYI7ZOvR5BHX+ktH0we9gTWQMxcne8q1OY8xxz604gw==",
      "license": "MIT",
      "dependencies": {
        "use-sync-external-store": "1.2.0"
      },
      "engines": {
        "node": ">=12.7.0"
      },
      "peerDependencies": {
        "@types/react": ">=16.8",
        "immer": ">=9.0",
        "react": ">=16.8"
      },
      "peerDependenciesMeta": {
        "@types/react": {
          "optional": true
        },
        "immer": {
          "optional": true
        },
        "react": {
          "optional": true
        }
      }
    },
    "packages/dsh-memory": {
      "version": "0.8.0",
      "license": "MIT",
      "engines": {
        "node": ">=22"
      },
      "peerDependencies": {
        "@deepseek-ai/dsh-settings": "^0.1.0-rc.6",
        "@deepseek-ai/dsh-tools": "^0.1.0-rc.7",
        "@deepseek-ai/dsh-typert-protocol": "^0.1.0-rc.6",
        "@deepseek-ai/schemastery": "^3.18.1"
      }
    },
    "packages/dsh-memory-ui": {
      "version": "0.8.0",
      "license": "MIT",
      "engines": {
        "node": ">=22"
      },
      "peerDependencies": {
        "@deepseek-ai/dsh-api-remotes": "^0.1.0-rc.6",
        "@deepseek-ai/dsh-client-connection": "^0.1.0-rc.6",
        "@deepseek-ai/dsh-client-runtime": "^0.1.0-rc.6",
        "@deepseek-ai/dsh-client-ui-settings": "^0.1.0-rc.6",
        "react": "^18.2.0"
      }
    }
  }
}
